
Microsoft Visual Studio Solution File, Format Version 12.00
# Visual Studio Version 17
VisualStudioVersion = 17.13.35828.75 d17.13
MinimumVisualStudioVersion = 10.0.40219.1
Project("{FAE04EC0-301F-11D3-BF4B-00C04F79EFBC}") = "Puzzle74", "Puzzle74\Puzzle74.csproj", "{D908E9BB-5F65-4665-A28C-C3CDE5CC6874}"
EndProject
Global
	GlobalSection(SolutionConfigurationPlatforms) = preSolution
		Debug|Any CPU = Debug|Any CPU
		Release|Any CPU = Release|Any CPU
	EndGlobalSection
	GlobalSection(ProjectConfigurationPlatforms) = postSolution
		{D908E9BB-5F65-4665-A28C-C3CDE5CC6874}.Debug|Any CPU.ActiveCfg = Debug|Any CPU
		{D908E9BB-5F65-4665-A28C-C3CDE5CC6874}.Debug|Any CPU.Build.0 = Debug|Any CPU
		{D908E9BB-5F65-4665-A28C-C3CDE5CC6874}.Release|Any CPU.ActiveCfg = Release|Any CPU
		{D908E9BB-5F65-4665-A28C-C3CDE5CC6874}.Release|Any CPU.Build.0 = Release|Any CPU
	EndGlobalSection
	GlobalSection(SolutionProperties) = preSolution
		HideSolutionNode = FALSE
	EndGlobalSection
	GlobalSection(ExtensibilityGlobals) = postSolution
		SolutionGuid = {2CC97E05-02AE-4CF1-AAB1-3A8929127F17}
	EndGlobalSection
EndGlobal
